
Microsoft Visual Studio Solution File, Format Version 12.00
# Visual Studio 15
VisualStudioVersion = 15.0.26730.3
MinimumVisualStudioVersion = 10.0.40219.1
Project("{FAE04EC0-301F-11D3-BF4B-00C04F79EFBC}") = "YoungEnterprise_API", "YoungEnterprise_API\YoungEnterprise_API.csproj", "{687A7FAD-9C8B-419F-8971-3D31447BBE57}"
EndProject
Global
	GlobalSection(SolutionConfigurationPlatforms) = preSolution
		Debug|Any CPU = Debug|Any CPU
		Release|Any CPU = Release|Any CPU
	EndGlobalSection
	GlobalSection(ProjectConfigurationPlatforms) = postSolution
		{687A7FAD-9C8B-419F-8971-3D31447BBE57}.Debug|Any CPU.ActiveCfg = Debug|Any CPU
		{687A7FAD-9C8B-419F-8971-3D31447BBE57}.Debug|Any CPU.Build.0 = Debug|Any CPU
		{687A7FAD-9C8B-419F-8971-3D31447BBE57}.Release|Any CPU.ActiveCfg = Release|Any CPU
		{687A7FAD-9C8B-419F-8971-3D31447BBE57}.Release|Any CPU.Build.0 = Release|Any CPU
	EndGlobalSection
	GlobalSection(SolutionProperties) = preSolution
		HideSolutionNode = FALSE
	EndGlobalSection
	GlobalSection(ExtensibilityGlobals) = postSolution
		SolutionGuid = {C79BD0F1-3043-4B85-9908-F72D5196764E}
	EndGlobalSection
EndGlobal
